<Solution>
  <Folder Name="/src/">
    <Project Path="src/MyBudget.Api/MyBudget.Api.csproj" />
    <Project Path="src/MyBudget.Contracts/MyBudget.Contracts.csproj" />
    <Project Path="src/MyBudget.Data/MyBudget.Data.csproj" />
    <Project Path="src/MyBudget.Desktop/MyBudget.Desktop.csproj" />
    <Project Path="src/MyBudget.Domain/MyBudget.Domain.csproj" />
    <Project Path="src/MyBudget.Engines.Amortization/MyBudget.Engines.Amortization.csproj" />
    <Project Path="src/MyBudget.Engines.Hsa/MyBudget.Engines.Hsa.csproj" />
    <Project Path="src/MyBudget.Engines.Import/MyBudget.Engines.Import.csproj" />
    <Project Path="src/MyBudget.Engines.Ledger/MyBudget.Engines.Ledger.csproj" />
    <Project Path="src/MyBudget.Engines.Paycheck/MyBudget.Engines.Paycheck.csproj" />
    <Project Path="src/MyBudget.Engines.Rewards/MyBudget.Engines.Rewards.csproj" />
    <Project Path="src/MyBudget.UI/MyBudget.UI.csproj" />
  </Folder>
  <Folder Name="/tests/">
    <Project Path="tests/MyBudget.Api.Tests/MyBudget.Api.Tests.csproj" />
    <Project Path="tests/MyBudget.Engines.Tests/MyBudget.Engines.Tests.csproj" />
  </Folder>
</Solution>
